<?xml version="1.0" encoding="utf-8"?>
<Project ToolsVersion="4.0" xmlns="http://schemas.microsoft.com/developer/msbuild/2003">
  <ItemGroup>
    <Filter Include="Common">
      <UniqueIdentifier>27b04e66-3a0d-46f2-89d4-d4528965ba1e</UniqueIdentifier>
    </Filter>
    <Filter Include="Assets">
      <UniqueIdentifier>3b81f68e-30a2-4168-ba6a-8bd22458687f</UniqueIdentifier>
    </Filter>
    <Image Include="Assets\Logo.png">
      <Filter>Assets</Filter>
    </Image>
    <Image Include="Assets\SmallLogo.png">
      <Filter>Assets</Filter>
    </Image>
    <Image Include="Assets\StoreLogo.png">
      <Filter>Assets</Filter>
    </Image>
    <Image Include="Assets\SplashScreen.png">
      <Filter>Assets</Filter>
    </Image>
  </ItemGroup>
  <ItemGroup>
    <FxCompile Include="SimplePixelShader.hlsl" />
    <FxCompile Include="SimpleVertexShader.hlsl" />
  </ItemGroup>
  <ItemGroup>
    <ClCompile Include="MetroBullet.cpp" />
    <ClCompile Include="CubeRenderer.cpp" />
    <ClCompile Include="Direct3DBase.cpp" />
    <ClCompile Include="pch.cpp" />
    <ClCompile Include="BasicLoader.cpp">
      <Filter>Common</Filter>
    </ClCompile>
    <ClCompile Include="BasicReaderWriter.cpp">
      <Filter>Common</Filter>
    </ClCompile>
    <ClCompile Include="DDSTextureLoader.cpp">
      <Filter>Common</Filter>
    </ClCompile>
    <ClCompile Include="Cube.cpp" />
    <ClCompile Include="CubeMotionState.cpp" />
    <ClCompile Include="FallingCubesLevel.cpp" />
    <ClCompile Include="Physics.cpp" />
    <ClCompile Include="Level.cpp" />
  </ItemGroup>
  <ItemGroup>
    <ClInclude Include="MetroBullet.h" />
    <ClInclude Include="CubeRenderer.h" />
    <ClInclude Include="DirectXHelper.h" />
    <ClInclude Include="Direct3DBase.h" />
    <ClInclude Include="BasicTimer.h" />
    <ClInclude Include="pch.h" />
    <ClInclude Include="BasicLoader.h">
      <Filter>Common</Filter>
    </ClInclude>
    <ClInclude Include="BasicMath.h">
      <Filter>Common</Filter>
    </ClInclude>
    <ClInclude Include="BasicReaderWriter.h">
      <Filter>Common</Filter>
    </ClInclude>
    <ClInclude Include="BasicShapes.h">
      <Filter>Common</Filter>
    </ClInclude>
    <ClInclude Include="DDSTextureLoader.h">
      <Filter>Common</Filter>
    </ClInclude>
    <ClInclude Include="DirectXSample.h">
      <Filter>Common</Filter>
    </ClInclude>
    <ClInclude Include="Cube.h" />
    <ClInclude Include="CubeMotionState.h" />
    <ClInclude Include="FallingCubesLevel.h" />
    <ClInclude Include="Physics.h" />
    <ClInclude Include="Level.h" />
  </ItemGroup>
  <ItemGroup>
    <AppxManifest Include="Package.appxmanifest" />
  </ItemGroup>
  <ItemGroup>
    <None Include="MetroBullet_TemporaryKey.pfx" />
  </ItemGroup>
</Project>